Microsoft Visual Studio Solution File, Format Version 12.00
# Visual Studio Version 17
VisualStudioVersion = 17.0.31903.59
MinimumVisualStudioVersion = 10.0.40219.1
Project("{FAE04EC0-301F-11D3-BF4B-00C04F79EFBC}") = "KolmRakendust", "KolmRakendust\KolmRakendust.csproj", "{8D27A10C-5DCB-49C1-9FA8-E6A1AB2E6B91}"
EndProject
Global
	GlobalSection(SolutionConfigurationPlatforms) = preSolution
		Debug|Any CPU = Debug|Any CPU
		Release|Any CPU = Release|Any CPU
	EndGlobalSection
	GlobalSection(ProjectConfigurationPlatforms) = postSolution
		{8D27A10C-5DCB-49C1-9FA8-E6A1AB2E6B91}.Debug|Any CPU.ActiveCfg = Debug|Any CPU
		{8D27A10C-5DCB-49C1-9FA8-E6A1AB2E6B91}.Debug|Any CPU.Build.0 = Debug|Any CPU
		{8D27A10C-5DCB-49C1-9FA8-E6A1AB2E6B91}.Release|Any CPU.ActiveCfg = Release|Any CPU
		{8D27A10C-5DCB-49C1-9FA8-E6A1AB2E6B91}.Release|Any CPU.Build.0 = Release|Any CPU
	EndGlobalSection
EndGlobal
